{
  "name": "cisco-switch",
  "version": "1.0.0",
  "lockfileVersion": 1,
  "requires": true,
  "dependencies": {
    "@types/node": {
      "version": "12.6.8",
      "resolved": "https://registry.npmjs.org/@types/node/-/node-12.6.8.tgz",
      "integrity": "sha512-aX+gFgA5GHcDi89KG5keey2zf0WfZk/HAQotEamsK2kbey+8yGKcson0hbK8E+v0NArlCJQCqMP161YhV6ZXLg=="
    },
    "bluebird": {
      "version": "3.5.5",
      "resolved": "https://registry.npmjs.org/bluebird/-/bluebird-3.5.5.tgz",
      "integrity": "sha512-5am6HnnfN+urzt4yfg7IgTbotDjIT/u8AJpEt0sIU9FtXfVeezXAPKswrG+xKUCOYAINpSdgZVDU6QFh+cuH3w=="
    },
    "telnet-client": {
      "version": "1.0.4",
      "resolved": "https://registry.npmjs.org/telnet-client/-/telnet-client-1.0.4.tgz",
      "integrity": "sha512-kt8yoEa4k/vwNoTnYaoeu+2E2lACsXHxNJDmMU3WKCOkCfIhbj+D2vqL2hmi80NgH5RytUhrASXe7asjXcjjRg==",
      "requires": {
        "bluebird": "^3.5.4"
      }
    }
  }
}
