{
  "name": "sflow-analyser",
  "version": "1.0.0",
  "lockfileVersion": 2,
  "requires": true,
  "packages": {
    "": {
      "version": "1.0.0",
      "license": "ISC",
      "dependencies": {
        "ethernet": "^1.0.1",
        "ip-header": "^0.1.2",
        "node-sflow": "^0.0.4",
        "pcap": "^3.1.0"
      }
    },
    "node_modules/@types/node": {
      "version": "10.17.60",
      "resolved": "https://registry.npmjs.org/@types/node/-/node-10.17.60.tgz",
      "integrity": "sha512-F0KIgDJfy2nA3zMLmWGKxcH2ZVEtCZXHHdOQs2gSaQ27+lNeEfGxzkIw90aXswATX7AZ33tahPbzy6KAfUreVw=="
    },
    "node_modules/debug": {
      "version": "4.3.2",
      "resolved": "https://registry.npmjs.org/debug/-/debug-4.3.2.tgz",
      "integrity": "sha512-mOp8wKcvj7XxC78zLgw/ZA+6TSgkoE2C/ienthhRD298T7UNwAg9diBpLRxC0mOezLl4B0xV7M0cCO6P/O0Xhw==",
      "dependencies": {
        "ms": "2.1.2"
      },
      "engines": {
        "node": ">=6.0"
      },
      "peerDependenciesMeta": {
        "supports-color": {
          "optional": true
        }
      }
    },
    "node_modules/ethernet": {
      "version": "1.0.1",
      "resolved": "https://registry.npmjs.org/ethernet/-/ethernet-1.0.1.tgz",
      "integrity": "sha1-EYDLTrR6rnAJdfpyTJEo2lGyB+I="
    },
    "node_modules/ip": {
      "version": "0.0.5",
      "resolved": "https://registry.npmjs.org/ip/-/ip-0.0.5.tgz",
      "integrity": "sha1-C0BfdhpWXirwRcugmFTkhNypdwY="
    },
    "node_modules/ip-header": {
      "version": "0.1.2",
      "resolved": "https://registry.npmjs.org/ip-header/-/ip-header-0.1.2.tgz",
      "integrity": "sha1-4jBOeeyz5CcZwwldcHtFTPyzFH0=",
      "dependencies": {
        "ip": "~0.0.4"
      }
    },
    "node_modules/ms": {
      "version": "2.1.2",
      "resolved": "https://registry.npmjs.org/ms/-/ms-2.1.2.tgz",
      "integrity": "sha512-sGkPx+VjMtmA6MX27oA4FBFELFCZZ4S4XqeGOXCv68tT+jb3vk/RyaKWP0PTKyWtmLSM0b+adUTEvbs1PEaH2w=="
    },
    "node_modules/nan": {
      "version": "2.14.2",
      "resolved": "https://registry.npmjs.org/nan/-/nan-2.14.2.tgz",
      "integrity": "sha512-M2ufzIiINKCuDfBSAUr1vWQ+vuVcA9kqx8JJUsbQi6yf1uGRyb7HfpdfUr5qLXf3B/t8dPvcjhKMmlfnP47EzQ=="
    },
    "node_modules/node-sflow": {
      "version": "0.0.4",
      "resolved": "https://registry.npmjs.org/node-sflow/-/node-sflow-0.0.4.tgz",
      "integrity": "sha512-LauKB0EEaQOy/iT2DySggJTa5t57CG0oHQE5ZcjYUMFzTl+KJGm1TV0tT400ZX9g2G5HyzO1XnTJYwozTW6PxA==",
      "dependencies": {
        "debug": "^4.3.1"
      }
    },
    "node_modules/pcap": {
      "version": "3.1.0",
      "resolved": "https://registry.npmjs.org/pcap/-/pcap-3.1.0.tgz",
      "integrity": "sha512-bTmjruLZBmmlAc+wougRbKVzspUA4bqi505v70W/dQErmdiLs8n5pNc1Z41lj8TAkZG6GZD/1mMY0VC+uj/PBQ==",
      "hasInstallScript": true,
      "dependencies": {
        "@types/node": "^10.0.0",
        "nan": "^2.14.0"
      },
      "engines": {
        "node": ">=10.0.0"
      }
    }
  },
  "dependencies": {
    "@types/node": {
      "version": "10.17.60",
      "resolved": "https://registry.npmjs.org/@types/node/-/node-10.17.60.tgz",
      "integrity": "sha512-F0KIgDJfy2nA3zMLmWGKxcH2ZVEtCZXHHdOQs2gSaQ27+lNeEfGxzkIw90aXswATX7AZ33tahPbzy6KAfUreVw=="
    },
    "debug": {
      "version": "4.3.2",
      "resolved": "https://registry.npmjs.org/debug/-/debug-4.3.2.tgz",
      "integrity": "sha512-mOp8wKcvj7XxC78zLgw/ZA+6TSgkoE2C/ienthhRD298T7UNwAg9diBpLRxC0mOezLl4B0xV7M0cCO6P/O0Xhw==",
      "requires": {
        "ms": "2.1.2"
      }
    },
    "ethernet": {
      "version": "1.0.1",
      "resolved": "https://registry.npmjs.org/ethernet/-/ethernet-1.0.1.tgz",
      "integrity": "sha1-EYDLTrR6rnAJdfpyTJEo2lGyB+I="
    },
    "ip": {
      "version": "0.0.5",
      "resolved": "https://registry.npmjs.org/ip/-/ip-0.0.5.tgz",
      "integrity": "sha1-C0BfdhpWXirwRcugmFTkhNypdwY="
    },
    "ip-header": {
      "version": "0.1.2",
      "resolved": "https://registry.npmjs.org/ip-header/-/ip-header-0.1.2.tgz",
      "integrity": "sha1-4jBOeeyz5CcZwwldcHtFTPyzFH0=",
      "requires": {
        "ip": "~0.0.4"
      }
    },
    "ms": {
      "version": "2.1.2",
      "resolved": "https://registry.npmjs.org/ms/-/ms-2.1.2.tgz",
      "integrity": "sha512-sGkPx+VjMtmA6MX27oA4FBFELFCZZ4S4XqeGOXCv68tT+jb3vk/RyaKWP0PTKyWtmLSM0b+adUTEvbs1PEaH2w=="
    },
    "nan": {
      "version": "2.14.2",
      "resolved": "https://registry.npmjs.org/nan/-/nan-2.14.2.tgz",
      "integrity": "sha512-M2ufzIiINKCuDfBSAUr1vWQ+vuVcA9kqx8JJUsbQi6yf1uGRyb7HfpdfUr5qLXf3B/t8dPvcjhKMmlfnP47EzQ=="
    },
    "node-sflow": {
      "version": "0.0.4",
      "resolved": "https://registry.npmjs.org/node-sflow/-/node-sflow-0.0.4.tgz",
      "integrity": "sha512-LauKB0EEaQOy/iT2DySggJTa5t57CG0oHQE5ZcjYUMFzTl+KJGm1TV0tT400ZX9g2G5HyzO1XnTJYwozTW6PxA==",
      "requires": {
        "debug": "^4.3.1"
      }
    },
    "pcap": {
      "version": "3.1.0",
      "resolved": "https://registry.npmjs.org/pcap/-/pcap-3.1.0.tgz",
      "integrity": "sha512-bTmjruLZBmmlAc+wougRbKVzspUA4bqi505v70W/dQErmdiLs8n5pNc1Z41lj8TAkZG6GZD/1mMY0VC+uj/PBQ==",
      "requires": {
        "@types/node": "^10.0.0",
        "nan": "^2.14.0"
      }
    }
  }
}
