{
  "name": "types",
  "version": "1.0.0",
  "lockfileVersion": 2,
  "requires": true,
  "packages": {
    "": {
      "name": "types",
      "version": "1.0.0",
      "license": "ISC",
      "dependencies": {
        "@types/node": "^12.7.4"
      }
    },
    "node_modules/@types/node": {
      "version": "12.12.40",
      "resolved": "https://registry.npmjs.org/@types/node/-/node-12.12.40.tgz",
      "integrity": "sha512-DGOupyZgr0TnemMORnkgR4G3ow5PV61uVW3w51pcnPIo6NV5hc36l59jxZJ/immrBpV5d7h6tn8/YgSgiA9oTw=="
    }
  },
  "dependencies": {
    "@types/node": {
      "version": "12.12.40",
      "resolved": "https://registry.npmjs.org/@types/node/-/node-12.12.40.tgz",
      "integrity": "sha512-DGOupyZgr0TnemMORnkgR4G3ow5PV61uVW3w51pcnPIo6NV5hc36l59jxZJ/immrBpV5d7h6tn8/YgSgiA9oTw=="
    }
  }
}
