{
  "name": "ptp-scanner",
  "version": "1.0.0",
  "lockfileVersion": 1,
  "requires": true,
  "dependencies": {
    "@types/node": {
      "version": "12.12.27",
      "resolved": "https://registry.npmjs.org/@types/node/-/node-12.12.27.tgz",
      "integrity": "sha512-odQFl/+B9idbdS0e8IxDl2ia/LP8KZLXhV3BUeI98TrZp0uoIzQPhGd+5EtzHmT0SMOIaPd7jfz6pOHLWTtl7A==",
      "dev": true
    }
  }
}
